
Microsoft Visual Studio Solution File, Format Version 12.00
# Visual Studio Version 17
VisualStudioVersion = 17.4.33205.214
MinimumVisualStudioVersion = 10.0.40219.1
Project("{FAE04EC0-301F-11D3-BF4B-00C04F79EFBC}") = "Amigos", "Amigos.csproj", "{A4D9FA73-E357-4F6B-83D5-0892259E7265}"
EndProject
Global
	GlobalSection(SolutionConfigurationPlatforms) = preSolution
		Debug|Any CPU = Debug|Any CPU
		Release|Any CPU = Release|Any CPU
	EndGlobalSection
	GlobalSection(ProjectConfigurationPlatforms) = postSolution
		{A4D9FA73-E357-4F6B-83D5-0892259E7265}.Debug|Any CPU.ActiveCfg = Debug|Any CPU
		{A4D9FA73-E357-4F6B-83D5-0892259E7265}.Debug|Any CPU.Build.0 = Debug|Any CPU
		{A4D9FA73-E357-4F6B-83D5-0892259E7265}.Release|Any CPU.ActiveCfg = Release|Any CPU
		{A4D9FA73-E357-4F6B-83D5-0892259E7265}.Release|Any CPU.Build.0 = Release|Any CPU
	EndGlobalSection
	GlobalSection(SolutionProperties) = preSolution
		HideSolutionNode = FALSE
	EndGlobalSection
	GlobalSection(ExtensibilityGlobals) = postSolution
		SolutionGuid = {14F4EC5A-9A28-456E-89F9-94F9A86AD026}
	EndGlobalSection
EndGlobal
