
Microsoft Visual Studio Solution File, Format Version 12.00
# Visual Studio Version 17
VisualStudioVersion = 17.4.33205.214
MinimumVisualStudioVersion = 10.0.40219.1
Project("{FAE04EC0-301F-11D3-BF4B-00C04F79EFBC}") = "ProyectoAmigos", "ProyectoAmigos.csproj", "{0BC5DD90-B50B-4213-B50D-962D996928D3}"
EndProject
Global
	GlobalSection(SolutionConfigurationPlatforms) = preSolution
		Debug|Any CPU = Debug|Any CPU
		Release|Any CPU = Release|Any CPU
	EndGlobalSection
	GlobalSection(ProjectConfigurationPlatforms) = postSolution
		{0BC5DD90-B50B-4213-B50D-962D996928D3}.Debug|Any CPU.ActiveCfg = Debug|Any CPU
		{0BC5DD90-B50B-4213-B50D-962D996928D3}.Debug|Any CPU.Build.0 = Debug|Any CPU
		{0BC5DD90-B50B-4213-B50D-962D996928D3}.Release|Any CPU.ActiveCfg = Release|Any CPU
		{0BC5DD90-B50B-4213-B50D-962D996928D3}.Release|Any CPU.Build.0 = Release|Any CPU
	EndGlobalSection
	GlobalSection(SolutionProperties) = preSolution
		HideSolutionNode = FALSE
	EndGlobalSection
	GlobalSection(ExtensibilityGlobals) = postSolution
		SolutionGuid = {60D0B51D-1BC3-431C-95E3-FC822C9DF221}
	EndGlobalSection
EndGlobal
