
Microsoft Visual Studio Solution File, Format Version 12.00
# Visual Studio Version 17
VisualStudioVersion = 17.4.33205.214
MinimumVisualStudioVersion = 10.0.40219.1
Project("{FAE04EC0-301F-11D3-BF4B-00C04F79EFBC}") = "WeatherPanel", "WeatherPanel.csproj", "{DE5FBAE0-8329-4CFB-97FC-772D3955E114}"
EndProject
Project("{2150E333-8FDC-42A3-9474-1A3956D46DE8}") = "Elementos de la solución", "Elementos de la solución", "{0E446E2B-321F-4EF1-8B02-EAE810F2AA08}"
	ProjectSection(SolutionItems) = preProject
		..\..\..\Downloads\partially-cloudy.png = ..\..\..\Downloads\partially-cloudy.png
	EndProjectSection
EndProject
Global
	GlobalSection(SolutionConfigurationPlatforms) = preSolution
		Debug|Any CPU = Debug|Any CPU
		Release|Any CPU = Release|Any CPU
	EndGlobalSection
	GlobalSection(ProjectConfigurationPlatforms) = postSolution
		{DE5FBAE0-8329-4CFB-97FC-772D3955E114}.Debug|Any CPU.ActiveCfg = Debug|Any CPU
		{DE5FBAE0-8329-4CFB-97FC-772D3955E114}.Debug|Any CPU.Build.0 = Debug|Any CPU
		{DE5FBAE0-8329-4CFB-97FC-772D3955E114}.Release|Any CPU.ActiveCfg = Release|Any CPU
		{DE5FBAE0-8329-4CFB-97FC-772D3955E114}.Release|Any CPU.Build.0 = Release|Any CPU
	EndGlobalSection
	GlobalSection(SolutionProperties) = preSolution
		HideSolutionNode = FALSE
	EndGlobalSection
	GlobalSection(ExtensibilityGlobals) = postSolution
		SolutionGuid = {C05E5F45-70B9-460A-BBDF-460915ABC038}
	EndGlobalSection
EndGlobal
